
Microsoft Visual Studio Solution File, Format Version 12.00
# Visual Studio Version 17
VisualStudioVersion = 17.8.34408.163
MinimumVisualStudioVersion = 10.0.40219.1
Project("{9A19103F-16F7-4668-BE54-9A1E7A4F7556}") = "JsonDictionary", "JsonDictionary.csproj", "{AECA0870-1F58-4D0B-9D3B-569B8169815B}"
EndProject
Project("{FAE04EC0-301F-11D3-BF4B-00C04F79EFBC}") = "JsonDictionary.Tests", "..\JsonDictionary.Tests\JsonDictionary.Tests.csproj", "{0B4A50FD-1C0F-4F59-A6F4-154D33ABDB52}"
EndProject
Global
	GlobalSection(SolutionConfigurationPlatforms) = preSolution
		Debug|Any CPU = Debug|Any CPU
		Release|Any CPU = Release|Any CPU
	EndGlobalSection
	GlobalSection(ProjectConfigurationPlatforms) = postSolution
		{AECA0870-1F58-4D0B-9D3B-569B8169815B}.Debug|Any CPU.ActiveCfg = Debug|Any CPU
		{AECA0870-1F58-4D0B-9D3B-569B8169815B}.Debug|Any CPU.Build.0 = Debug|Any CPU
		{AECA0870-1F58-4D0B-9D3B-569B8169815B}.Release|Any CPU.ActiveCfg = Release|Any CPU
		{AECA0870-1F58-4D0B-9D3B-569B8169815B}.Release|Any CPU.Build.0 = Release|Any CPU
		{0B4A50FD-1C0F-4F59-A6F4-154D33ABDB52}.Debug|Any CPU.ActiveCfg = Debug|Any CPU
		{0B4A50FD-1C0F-4F59-A6F4-154D33ABDB52}.Debug|Any CPU.Build.0 = Debug|Any CPU
		{0B4A50FD-1C0F-4F59-A6F4-154D33ABDB52}.Release|Any CPU.ActiveCfg = Release|Any CPU
		{0B4A50FD-1C0F-4F59-A6F4-154D33ABDB52}.Release|Any CPU.Build.0 = Release|Any CPU
	EndGlobalSection
	GlobalSection(SolutionProperties) = preSolution
		HideSolutionNode = FALSE
	EndGlobalSection
	GlobalSection(ExtensibilityGlobals) = postSolution
		SolutionGuid = {343AF4C3-E92B-4BD9-A996-CA2641EA92F4}
	EndGlobalSection
EndGlobal
